
Microsoft Visual Studio Solution File, Format Version 12.00
# Visual Studio Version 17
VisualStudioVersion = 17.3.32825.248
MinimumVisualStudioVersion = 10.0.40219.1
Project("{FAE04EC0-301F-11D3-BF4B-00C04F79EFBC}") = "test_pp", "test_pp\test_pp.csproj", "{648AD416-F054-434C-8D24-101F6C925EF0}"
EndProject
Global
	GlobalSection(SolutionConfigurationPlatforms) = preSolution
		Debug|Any CPU = Debug|Any CPU
		Release|Any CPU = Release|Any CPU
	EndGlobalSection
	GlobalSection(ProjectConfigurationPlatforms) = postSolution
		{648AD416-F054-434C-8D24-101F6C925EF0}.Debug|Any CPU.ActiveCfg = Debug|Any CPU
		{648AD416-F054-434C-8D24-101F6C925EF0}.Debug|Any CPU.Build.0 = Debug|Any CPU
		{648AD416-F054-434C-8D24-101F6C925EF0}.Release|Any CPU.ActiveCfg = Release|Any CPU
		{648AD416-F054-434C-8D24-101F6C925EF0}.Release|Any CPU.Build.0 = Release|Any CPU
	EndGlobalSection
	GlobalSection(SolutionProperties) = preSolution
		HideSolutionNode = FALSE
	EndGlobalSection
	GlobalSection(ExtensibilityGlobals) = postSolution
		SolutionGuid = {3CF99A30-097C-49B8-AC8B-C24264F80D96}
	EndGlobalSection
EndGlobal
